
Microsoft Visual Studio Solution File, Format Version 12.00
# Visual Studio Version 16
VisualStudioVersion = 16.0.30204.135
MinimumVisualStudioVersion = 10.0.40219.1
Project("{FAE04EC0-301F-11D3-BF4B-00C04F79EFBC}") = "vek", "vek\vek.csproj", "{16F06D73-0CA6-4102-BB51-E039F033D45E}"
EndProject
Global
	GlobalSection(SolutionConfigurationPlatforms) = preSolution
		Debug|Any CPU = Debug|Any CPU
		Release|Any CPU = Release|Any CPU
	EndGlobalSection
	GlobalSection(ProjectConfigurationPlatforms) = postSolution
		{16F06D73-0CA6-4102-BB51-E039F033D45E}.Debug|Any CPU.ActiveCfg = Debug|Any CPU
		{16F06D73-0CA6-4102-BB51-E039F033D45E}.Debug|Any CPU.Build.0 = Debug|Any CPU
		{16F06D73-0CA6-4102-BB51-E039F033D45E}.Release|Any CPU.ActiveCfg = Release|Any CPU
		{16F06D73-0CA6-4102-BB51-E039F033D45E}.Release|Any CPU.Build.0 = Release|Any CPU
	EndGlobalSection
	GlobalSection(SolutionProperties) = preSolution
		HideSolutionNode = FALSE
	EndGlobalSection
	GlobalSection(ExtensibilityGlobals) = postSolution
		SolutionGuid = {16AFD818-DC63-4C92-81AC-22D9EB1EB2A2}
	EndGlobalSection
EndGlobal
